
Microsoft Visual Studio Solution File, Format Version 12.00
# Visual Studio Version 16
VisualStudioVersion = 16.0.30804.86
MinimumVisualStudioVersion = 15.0.26124.0
Project("{2150E333-8FDC-42A3-9474-1A3956D46DE8}") = ".Solution Items", ".Solution Items", "{2FA82413-8F3C-453E-9507-5E6F07AFFDB6}"
	ProjectSection(SolutionItems) = preProject
		Directory.Build.props = Directory.Build.props
		NuGet.config = NuGet.config
	EndProjectSection
EndProject
Project("{2150E333-8FDC-42A3-9474-1A3956D46DE8}") = "Source", "Source", "{94722651-34D1-432C-B1DF-4908D318D705}"
EndProject
Project("{2150E333-8FDC-42A3-9474-1A3956D46DE8}") = "Tests", "Tests", "{8360E9CF-53CD-45B6-9E19-6C35B30DBCAA}"
EndProject
Project("{9A19103F-16F7-4668-BE54-9A1E7A4F7556}") = "Umator.Plugins.QRCode.Components", "Source\Umator.Plugins.QRCode.Components\Umator.Plugins.QRCode.Components.csproj", "{2597F00F-61CA-4A55-8316-A6DEF9128936}"
EndProject
Project("{2150E333-8FDC-42A3-9474-1A3956D46DE8}") = "Ref", "Ref", "{515FC101-E8DB-45CB-B5C6-053C0B545D85}"
EndProject
Project("{9A19103F-16F7-4668-BE54-9A1E7A4F7556}") = "Umator.Plugins.QRCode.UI", "Source\Umator.Plugins.QRCode.UI\Umator.Plugins.QRCode.UI.csproj", "{FB0880B2-EFE8-45D9-959D-49C1AB992CF5}"
EndProject
Project("{9A19103F-16F7-4668-BE54-9A1E7A4F7556}") = "Umator.Plugins.QRCode", "Source\Umator.Plugins.QRCode\Umator.Plugins.QRCode.csproj", "{CE473417-E2F1-48E5-BA19-3A3BC84EF19E}"
EndProject
Project("{9A19103F-16F7-4668-BE54-9A1E7A4F7556}") = "Umator.Plugins.QRCode.Tests", "Tests\Umator.Plugins.QRCode.Tests\Umator.Plugins.QRCode.Tests.csproj", "{55A6B3EC-9DD1-4180-BAA9-94F5388FC069}"
EndProject
Global
	GlobalSection(SolutionConfigurationPlatforms) = preSolution
		Debug|Any CPU = Debug|Any CPU
		Debug|x64 = Debug|x64
		Debug|x86 = Debug|x86
		Release|Any CPU = Release|Any CPU
		Release|x64 = Release|x64
		Release|x86 = Release|x86
	EndGlobalSection
	GlobalSection(ProjectConfigurationPlatforms) = postSolution
		{2597F00F-61CA-4A55-8316-A6DEF9128936}.Debug|Any CPU.ActiveCfg = Debug|Any CPU
		{2597F00F-61CA-4A55-8316-A6DEF9128936}.Debug|Any CPU.Build.0 = Debug|Any CPU
		{2597F00F-61CA-4A55-8316-A6DEF9128936}.Debug|x64.ActiveCfg = Debug|Any CPU
		{2597F00F-61CA-4A55-8316-A6DEF9128936}.Debug|x64.Build.0 = Debug|Any CPU
		{2597F00F-61CA-4A55-8316-A6DEF9128936}.Debug|x86.ActiveCfg = Debug|Any CPU
		{2597F00F-61CA-4A55-8316-A6DEF9128936}.Debug|x86.Build.0 = Debug|Any CPU
		{2597F00F-61CA-4A55-8316-A6DEF9128936}.Release|Any CPU.ActiveCfg = Release|Any CPU
		{2597F00F-61CA-4A55-8316-A6DEF9128936}.Release|Any CPU.Build.0 = Release|Any CPU
		{2597F00F-61CA-4A55-8316-A6DEF9128936}.Release|x64.ActiveCfg = Release|Any CPU
		{2597F00F-61CA-4A55-8316-A6DEF9128936}.Release|x64.Build.0 = Release|Any CPU
		{2597F00F-61CA-4A55-8316-A6DEF9128936}.Release|x86.ActiveCfg = Release|Any CPU
		{2597F00F-61CA-4A55-8316-A6DEF9128936}.Release|x86.Build.0 = Release|Any CPU
		{FB0880B2-EFE8-45D9-959D-49C1AB992CF5}.Debug|Any CPU.ActiveCfg = Debug|Any CPU
		{FB0880B2-EFE8-45D9-959D-49C1AB992CF5}.Debug|Any CPU.Build.0 = Debug|Any CPU
		{FB0880B2-EFE8-45D9-959D-49C1AB992CF5}.Debug|x64.ActiveCfg = Debug|Any CPU
		{FB0880B2-EFE8-45D9-959D-49C1AB992CF5}.Debug|x64.Build.0 = Debug|Any CPU
		{FB0880B2-EFE8-45D9-959D-49C1AB992CF5}.Debug|x86.ActiveCfg = Debug|Any CPU
		{FB0880B2-EFE8-45D9-959D-49C1AB992CF5}.Debug|x86.Build.0 = Debug|Any CPU
		{FB0880B2-EFE8-45D9-959D-49C1AB992CF5}.Release|Any CPU.ActiveCfg = Release|Any CPU
		{FB0880B2-EFE8-45D9-959D-49C1AB992CF5}.Release|Any CPU.Build.0 = Release|Any CPU
		{FB0880B2-EFE8-45D9-959D-49C1AB992CF5}.Release|x64.ActiveCfg = Release|Any CPU
		{FB0880B2-EFE8-45D9-959D-49C1AB992CF5}.Release|x64.Build.0 = Release|Any CPU
		{FB0880B2-EFE8-45D9-959D-49C1AB992CF5}.Release|x86.ActiveCfg = Release|Any CPU
		{FB0880B2-EFE8-45D9-959D-49C1AB992CF5}.Release|x86.Build.0 = Release|Any CPU
		{CE473417-E2F1-48E5-BA19-3A3BC84EF19E}.Debug|Any CPU.ActiveCfg = Debug|Any CPU
		{CE473417-E2F1-48E5-BA19-3A3BC84EF19E}.Debug|Any CPU.Build.0 = Debug|Any CPU
		{CE473417-E2F1-48E5-BA19-3A3BC84EF19E}.Debug|x64.ActiveCfg = Debug|Any CPU
		{CE473417-E2F1-48E5-BA19-3A3BC84EF19E}.Debug|x64.Build.0 = Debug|Any CPU
		{CE473417-E2F1-48E5-BA19-3A3BC84EF19E}.Debug|x86.ActiveCfg = Debug|Any CPU
		{CE473417-E2F1-48E5-BA19-3A3BC84EF19E}.Debug|x86.Build.0 = Debug|Any CPU
		{CE473417-E2F1-48E5-BA19-3A3BC84EF19E}.Release|Any CPU.ActiveCfg = Release|Any CPU
		{CE473417-E2F1-48E5-BA19-3A3BC84EF19E}.Release|Any CPU.Build.0 = Release|Any CPU
		{CE473417-E2F1-48E5-BA19-3A3BC84EF19E}.Release|x64.ActiveCfg = Release|Any CPU
		{CE473417-E2F1-48E5-BA19-3A3BC84EF19E}.Release|x64.Build.0 = Release|Any CPU
		{CE473417-E2F1-48E5-BA19-3A3BC84EF19E}.Release|x86.ActiveCfg = Release|Any CPU
		{CE473417-E2F1-48E5-BA19-3A3BC84EF19E}.Release|x86.Build.0 = Release|Any CPU
		{55A6B3EC-9DD1-4180-BAA9-94F5388FC069}.Debug|Any CPU.ActiveCfg = Debug|Any CPU
		{55A6B3EC-9DD1-4180-BAA9-94F5388FC069}.Debug|Any CPU.Build.0 = Debug|Any CPU
		{55A6B3EC-9DD1-4180-BAA9-94F5388FC069}.Debug|x64.ActiveCfg = Debug|Any CPU
		{55A6B3EC-9DD1-4180-BAA9-94F5388FC069}.Debug|x64.Build.0 = Debug|Any CPU
		{55A6B3EC-9DD1-4180-BAA9-94F5388FC069}.Debug|x86.ActiveCfg = Debug|Any CPU
		{55A6B3EC-9DD1-4180-BAA9-94F5388FC069}.Debug|x86.Build.0 = Debug|Any CPU
		{55A6B3EC-9DD1-4180-BAA9-94F5388FC069}.Release|Any CPU.ActiveCfg = Release|Any CPU
		{55A6B3EC-9DD1-4180-BAA9-94F5388FC069}.Release|Any CPU.Build.0 = Release|Any CPU
		{55A6B3EC-9DD1-4180-BAA9-94F5388FC069}.Release|x64.ActiveCfg = Release|Any CPU
		{55A6B3EC-9DD1-4180-BAA9-94F5388FC069}.Release|x64.Build.0 = Release|Any CPU
		{55A6B3EC-9DD1-4180-BAA9-94F5388FC069}.Release|x86.ActiveCfg = Release|Any CPU
		{55A6B3EC-9DD1-4180-BAA9-94F5388FC069}.Release|x86.Build.0 = Release|Any CPU
	EndGlobalSection
	GlobalSection(SolutionProperties) = preSolution
		HideSolutionNode = FALSE
	EndGlobalSection
	GlobalSection(NestedProjects) = preSolution
		{2597F00F-61CA-4A55-8316-A6DEF9128936} = {94722651-34D1-432C-B1DF-4908D318D705}
		{FB0880B2-EFE8-45D9-959D-49C1AB992CF5} = {94722651-34D1-432C-B1DF-4908D318D705}
		{CE473417-E2F1-48E5-BA19-3A3BC84EF19E} = {94722651-34D1-432C-B1DF-4908D318D705}
		{55A6B3EC-9DD1-4180-BAA9-94F5388FC069} = {8360E9CF-53CD-45B6-9E19-6C35B30DBCAA}
	EndGlobalSection
	GlobalSection(ExtensibilityGlobals) = postSolution
		SolutionGuid = {AB624603-D4ED-445E-9007-2DC694F2DFE7}
	EndGlobalSection
EndGlobal
